
Microsoft Visual Studio Solution File, Format Version 12.00
# Visual Studio 15
VisualStudioVersion = 15.0.26730.12
MinimumVisualStudioVersion = 10.0.40219.1
Project("{FAE04EC0-301F-11D3-BF4B-00C04F79EFBC}") = "DS9FX_Updater", "DS9FX_Updater\DS9FX_Updater.csproj", "{C752B537-670B-4DFA-8627-509BA20CA8CC}"
EndProject
Global
	GlobalSection(SolutionConfigurationPlatforms) = preSolution
		Debug|Any CPU = Debug|Any CPU
		Release|Any CPU = Release|Any CPU
	EndGlobalSection
	GlobalSection(ProjectConfigurationPlatforms) = postSolution
		{C752B537-670B-4DFA-8627-509BA20CA8CC}.Debug|Any CPU.ActiveCfg = Debug|Any CPU
		{C752B537-670B-4DFA-8627-509BA20CA8CC}.Debug|Any CPU.Build.0 = Debug|Any CPU
		{C752B537-670B-4DFA-8627-509BA20CA8CC}.Release|Any CPU.ActiveCfg = Release|Any CPU
		{C752B537-670B-4DFA-8627-509BA20CA8CC}.Release|Any CPU.Build.0 = Release|Any CPU
	EndGlobalSection
	GlobalSection(SolutionProperties) = preSolution
		HideSolutionNode = FALSE
	EndGlobalSection
	GlobalSection(ExtensibilityGlobals) = postSolution
		SolutionGuid = {002E25F7-B9F0-4A66-BEAA-2A8556335EB4}
	EndGlobalSection
EndGlobal
